
Microsoft Visual Studio Solution File, Format Version 12.00
# Visual Studio Version 17
VisualStudioVersion = 17.4.33403.182
MinimumVisualStudioVersion = 10.0.40219.1
Project("{FAE04EC0-301F-11D3-BF4B-00C04F79EFBC}") = "StudentManagementSystem", "StudentManagementSystem\StudentManagementSystem.csproj", "{21DE49D6-B935-4416-9FED-5128AD35E58F}"
EndProject
Global
	GlobalSection(SolutionConfigurationPlatforms) = preSolution
		Debug|Any CPU = Debug|Any CPU
		Release|Any CPU = Release|Any CPU
	EndGlobalSection
	GlobalSection(ProjectConfigurationPlatforms) = postSolution
		{21DE49D6-B935-4416-9FED-5128AD35E58F}.Debug|Any CPU.ActiveCfg = Debug|Any CPU
		{21DE49D6-B935-4416-9FED-5128AD35E58F}.Debug|Any CPU.Build.0 = Debug|Any CPU
		{21DE49D6-B935-4416-9FED-5128AD35E58F}.Release|Any CPU.ActiveCfg = Release|Any CPU
		{21DE49D6-B935-4416-9FED-5128AD35E58F}.Release|Any CPU.Build.0 = Release|Any CPU
	EndGlobalSection
	GlobalSection(SolutionProperties) = preSolution
		HideSolutionNode = FALSE
	EndGlobalSection
	GlobalSection(ExtensibilityGlobals) = postSolution
		SolutionGuid = {5AC7CD3B-FE5A-4B45-96D4-BB140A6730A1}
	EndGlobalSection
EndGlobal
